
Microsoft Visual Studio Solution File, Format Version 12.00
# Visual Studio Version 17
VisualStudioVersion = 17.10.35027.167
MinimumVisualStudioVersion = 10.0.40219.1
Project("{2150E333-8FDC-42A3-9474-1A3956D46DE8}") = "Solution Items", "Solution Items", "{C3EE4E9D-E594-4A03-B2AE-CA3F008BCF02}"
	ProjectSection(SolutionItems) = preProject
		.editorconfig = .editorconfig
		.gitattributes = .gitattributes
		.gitignore = .gitignore
		LICENSE = LICENSE
		version.props = version.props
	EndProjectSection
EndProject
Project("{9A19103F-16F7-4668-BE54-9A1E7A4F7556}") = "yac.a", "src\yac.a\yac.a.csproj", "{3A4A839F-8CEB-406E-8398-0A55EB36C31F}"
EndProject
Project("{9A19103F-16F7-4668-BE54-9A1E7A4F7556}") = "yac.d", "src\yac.d\yac.d.csproj", "{D1F25E5D-4F6A-416B-A678-64F0B9195CC9}"
EndProject
Project("{9A19103F-16F7-4668-BE54-9A1E7A4F7556}") = "yac", "src\yac\yac.csproj", "{859E9F6A-0B44-4398-9456-14529677317B}"
EndProject
Project("{9A19103F-16F7-4668-BE54-9A1E7A4F7556}") = "yac.sim", "src\yac.sim\yac.sim.csproj", "{1126F29C-0DC9-442A-87B0-EB6247BD3A15}"
EndProject
Global
	GlobalSection(SolutionConfigurationPlatforms) = preSolution
		Debug|Any CPU = Debug|Any CPU
		Release|Any CPU = Release|Any CPU
	EndGlobalSection
	GlobalSection(ProjectConfigurationPlatforms) = postSolution
		{3A4A839F-8CEB-406E-8398-0A55EB36C31F}.Debug|Any CPU.ActiveCfg = Debug|Any CPU
		{3A4A839F-8CEB-406E-8398-0A55EB36C31F}.Debug|Any CPU.Build.0 = Debug|Any CPU
		{3A4A839F-8CEB-406E-8398-0A55EB36C31F}.Release|Any CPU.ActiveCfg = Release|Any CPU
		{3A4A839F-8CEB-406E-8398-0A55EB36C31F}.Release|Any CPU.Build.0 = Release|Any CPU
		{D1F25E5D-4F6A-416B-A678-64F0B9195CC9}.Debug|Any CPU.ActiveCfg = Debug|Any CPU
		{D1F25E5D-4F6A-416B-A678-64F0B9195CC9}.Debug|Any CPU.Build.0 = Debug|Any CPU
		{D1F25E5D-4F6A-416B-A678-64F0B9195CC9}.Release|Any CPU.ActiveCfg = Release|Any CPU
		{D1F25E5D-4F6A-416B-A678-64F0B9195CC9}.Release|Any CPU.Build.0 = Release|Any CPU
		{859E9F6A-0B44-4398-9456-14529677317B}.Debug|Any CPU.ActiveCfg = Debug|Any CPU
		{859E9F6A-0B44-4398-9456-14529677317B}.Debug|Any CPU.Build.0 = Debug|Any CPU
		{859E9F6A-0B44-4398-9456-14529677317B}.Release|Any CPU.ActiveCfg = Release|Any CPU
		{859E9F6A-0B44-4398-9456-14529677317B}.Release|Any CPU.Build.0 = Release|Any CPU
		{1126F29C-0DC9-442A-87B0-EB6247BD3A15}.Debug|Any CPU.ActiveCfg = Debug|Any CPU
		{1126F29C-0DC9-442A-87B0-EB6247BD3A15}.Debug|Any CPU.Build.0 = Debug|Any CPU
		{1126F29C-0DC9-442A-87B0-EB6247BD3A15}.Release|Any CPU.ActiveCfg = Release|Any CPU
		{1126F29C-0DC9-442A-87B0-EB6247BD3A15}.Release|Any CPU.Build.0 = Release|Any CPU
	EndGlobalSection
	GlobalSection(SolutionProperties) = preSolution
		HideSolutionNode = FALSE
	EndGlobalSection
	GlobalSection(ExtensibilityGlobals) = postSolution
		SolutionGuid = {393534FB-1E6F-4732-9963-D0705E906759}
	EndGlobalSection
EndGlobal
